
Microsoft Visual Studio Solution File, Format Version 12.00
# Visual Studio Version 17
VisualStudioVersion = 17.8.34511.84
MinimumVisualStudioVersion = 10.0.40219.1
Project("{9A19103F-16F7-4668-BE54-9A1E7A4F7556}") = "DirectoryInfoApp.BL", "DirectoryInfoApp\DirectoryInfoApp.BL.csproj", "{DD7AE358-B1F3-4F7C-87D5-21504A8B25D3}"
EndProject
Project("{FAE04EC0-301F-11D3-BF4B-00C04F79EFBC}") = "DirectoryInfoApp.Tests", "DirectoryInfoApp.Tests\DirectoryInfoApp.Tests.csproj", "{83D04230-47A3-4F40-BFDB-F754423FC627}"
EndProject
Project("{FAE04EC0-301F-11D3-BF4B-00C04F79EFBC}") = "DirectoryInfoApp.Console", "DirectoryInfoApp.Console\DirectoryInfoApp.Console.csproj", "{0E9D63BE-6AFA-4488-B27F-CF7C40928671}"
EndProject
Global
	GlobalSection(SolutionConfigurationPlatforms) = preSolution
		Debug|Any CPU = Debug|Any CPU
		Release|Any CPU = Release|Any CPU
	EndGlobalSection
	GlobalSection(ProjectConfigurationPlatforms) = postSolution
		{DD7AE358-B1F3-4F7C-87D5-21504A8B25D3}.Debug|Any CPU.ActiveCfg = Debug|Any CPU
		{DD7AE358-B1F3-4F7C-87D5-21504A8B25D3}.Debug|Any CPU.Build.0 = Debug|Any CPU
		{DD7AE358-B1F3-4F7C-87D5-21504A8B25D3}.Release|Any CPU.ActiveCfg = Release|Any CPU
		{DD7AE358-B1F3-4F7C-87D5-21504A8B25D3}.Release|Any CPU.Build.0 = Release|Any CPU
		{83D04230-47A3-4F40-BFDB-F754423FC627}.Debug|Any CPU.ActiveCfg = Debug|Any CPU
		{83D04230-47A3-4F40-BFDB-F754423FC627}.Debug|Any CPU.Build.0 = Debug|Any CPU
		{83D04230-47A3-4F40-BFDB-F754423FC627}.Release|Any CPU.ActiveCfg = Release|Any CPU
		{83D04230-47A3-4F40-BFDB-F754423FC627}.Release|Any CPU.Build.0 = Release|Any CPU
		{0E9D63BE-6AFA-4488-B27F-CF7C40928671}.Debug|Any CPU.ActiveCfg = Debug|Any CPU
		{0E9D63BE-6AFA-4488-B27F-CF7C40928671}.Debug|Any CPU.Build.0 = Debug|Any CPU
		{0E9D63BE-6AFA-4488-B27F-CF7C40928671}.Release|Any CPU.ActiveCfg = Release|Any CPU
		{0E9D63BE-6AFA-4488-B27F-CF7C40928671}.Release|Any CPU.Build.0 = Release|Any CPU
	EndGlobalSection
	GlobalSection(SolutionProperties) = preSolution
		HideSolutionNode = FALSE
	EndGlobalSection
	GlobalSection(ExtensibilityGlobals) = postSolution
		SolutionGuid = {4B8DAA67-297B-406D-9056-3EAA52CE5DAC}
	EndGlobalSection
EndGlobal
